
Microsoft Visual Studio Solution File, Format Version 12.00
# Visual Studio Version 16
VisualStudioVersion = 16.0.30114.105
MinimumVisualStudioVersion = 10.0.40219.1
Project("{FAE04EC0-301F-11D3-BF4B-00C04F79EFBC}") = "API", "API\API.csproj", "{52A540ED-3378-4AEA-85B7-34DCD4065AF9}"
EndProject
Project("{FAE04EC0-301F-11D3-BF4B-00C04F79EFBC}") = "Application", "Application\Application.csproj", "{6AC48872-6915-4269-8EEF-92F83433FC5B}"
EndProject
Project("{FAE04EC0-301F-11D3-BF4B-00C04F79EFBC}") = "Domain", "Domain\Domain.csproj", "{EDBDBD90-996B-4543-9B23-2C28A177002D}"
EndProject
Global
	GlobalSection(SolutionConfigurationPlatforms) = preSolution
		Debug|Any CPU = Debug|Any CPU
		Debug|x64 = Debug|x64
		Debug|x86 = Debug|x86
		Release|Any CPU = Release|Any CPU
		Release|x64 = Release|x64
		Release|x86 = Release|x86
	EndGlobalSection
	GlobalSection(SolutionProperties) = preSolution
		HideSolutionNode = FALSE
	EndGlobalSection
	GlobalSection(ProjectConfigurationPlatforms) = postSolution
		{52A540ED-3378-4AEA-85B7-34DCD4065AF9}.Debug|Any CPU.ActiveCfg = Debug|Any CPU
		{52A540ED-3378-4AEA-85B7-34DCD4065AF9}.Debug|Any CPU.Build.0 = Debug|Any CPU
		{52A540ED-3378-4AEA-85B7-34DCD4065AF9}.Debug|x64.ActiveCfg = Debug|Any CPU
		{52A540ED-3378-4AEA-85B7-34DCD4065AF9}.Debug|x64.Build.0 = Debug|Any CPU
		{52A540ED-3378-4AEA-85B7-34DCD4065AF9}.Debug|x86.ActiveCfg = Debug|Any CPU
		{52A540ED-3378-4AEA-85B7-34DCD4065AF9}.Debug|x86.Build.0 = Debug|Any CPU
		{52A540ED-3378-4AEA-85B7-34DCD4065AF9}.Release|Any CPU.ActiveCfg = Release|Any CPU
		{52A540ED-3378-4AEA-85B7-34DCD4065AF9}.Release|Any CPU.Build.0 = Release|Any CPU
		{52A540ED-3378-4AEA-85B7-34DCD4065AF9}.Release|x64.ActiveCfg = Release|Any CPU
		{52A540ED-3378-4AEA-85B7-34DCD4065AF9}.Release|x64.Build.0 = Release|Any CPU
		{52A540ED-3378-4AEA-85B7-34DCD4065AF9}.Release|x86.ActiveCfg = Release|Any CPU
		{52A540ED-3378-4AEA-85B7-34DCD4065AF9}.Release|x86.Build.0 = Release|Any CPU
		{6AC48872-6915-4269-8EEF-92F83433FC5B}.Debug|Any CPU.ActiveCfg = Debug|Any CPU
		{6AC48872-6915-4269-8EEF-92F83433FC5B}.Debug|Any CPU.Build.0 = Debug|Any CPU
		{6AC48872-6915-4269-8EEF-92F83433FC5B}.Debug|x64.ActiveCfg = Debug|Any CPU
		{6AC48872-6915-4269-8EEF-92F83433FC5B}.Debug|x64.Build.0 = Debug|Any CPU
		{6AC48872-6915-4269-8EEF-92F83433FC5B}.Debug|x86.ActiveCfg = Debug|Any CPU
		{6AC48872-6915-4269-8EEF-92F83433FC5B}.Debug|x86.Build.0 = Debug|Any CPU
		{6AC48872-6915-4269-8EEF-92F83433FC5B}.Release|Any CPU.ActiveCfg = Release|Any CPU
		{6AC48872-6915-4269-8EEF-92F83433FC5B}.Release|Any CPU.Build.0 = Release|Any CPU
		{6AC48872-6915-4269-8EEF-92F83433FC5B}.Release|x64.ActiveCfg = Release|Any CPU
		{6AC48872-6915-4269-8EEF-92F83433FC5B}.Release|x64.Build.0 = Release|Any CPU
		{6AC48872-6915-4269-8EEF-92F83433FC5B}.Release|x86.ActiveCfg = Release|Any CPU
		{6AC48872-6915-4269-8EEF-92F83433FC5B}.Release|x86.Build.0 = Release|Any CPU
		{EDBDBD90-996B-4543-9B23-2C28A177002D}.Debug|Any CPU.ActiveCfg = Debug|Any CPU
		{EDBDBD90-996B-4543-9B23-2C28A177002D}.Debug|Any CPU.Build.0 = Debug|Any CPU
		{EDBDBD90-996B-4543-9B23-2C28A177002D}.Debug|x64.ActiveCfg = Debug|Any CPU
		{EDBDBD90-996B-4543-9B23-2C28A177002D}.Debug|x64.Build.0 = Debug|Any CPU
		{EDBDBD90-996B-4543-9B23-2C28A177002D}.Debug|x86.ActiveCfg = Debug|Any CPU
		{EDBDBD90-996B-4543-9B23-2C28A177002D}.Debug|x86.Build.0 = Debug|Any CPU
		{EDBDBD90-996B-4543-9B23-2C28A177002D}.Release|Any CPU.ActiveCfg = Release|Any CPU
		{EDBDBD90-996B-4543-9B23-2C28A177002D}.Release|Any CPU.Build.0 = Release|Any CPU
		{EDBDBD90-996B-4543-9B23-2C28A177002D}.Release|x64.ActiveCfg = Release|Any CPU
		{EDBDBD90-996B-4543-9B23-2C28A177002D}.Release|x64.Build.0 = Release|Any CPU
		{EDBDBD90-996B-4543-9B23-2C28A177002D}.Release|x86.ActiveCfg = Release|Any CPU
		{EDBDBD90-996B-4543-9B23-2C28A177002D}.Release|x86.Build.0 = Release|Any CPU
	EndGlobalSection
EndGlobal
